// !$*UTF8*$!
{
	archiveVersion = 1;
	classes = {
	};
	objectVersion = 46;
	objects = {

/* Begin PBXBuildFile section */
		C26B9AF0156E2D9000FB9B0E /* Foundation.framework in Frameworks */ = {isa = PBXBuildFile; fileRef = C26B9AEF156E2D9000FB9B0E /* Foundation.framework */; };
		C26B9AF2156E2D9000FB9B0E /* UIKit.framework in Frameworks */ = {isa = PBXBuildFile; fileRef = C26B9AF1156E2D9000FB9B0E /* UIKit.framework */; };
		C26B9AF4156E2D9000FB9B0E /* CoreGraphics.framework in Frameworks */ = {isa = PBXBuildFile; fileRef = C26B9AF3156E2D9000FB9B0E /* CoreGraphics.framework */; };
		C26B9AF6156E2D9000FB9B0E /* AddressBook.framework in Frameworks */ = {isa = PBXBuildFile; fileRef = C26B9AF5156E2D9000FB9B0E /* AddressBook.framework */; };
		C26B9AF8156E2D9000FB9B0E /* AddressBookUI.framework in Frameworks */ = {isa = PBXBuildFile; fileRef = C26B9AF7156E2D9000FB9B0E /* AddressBookUI.framework */; };
		C26B9AFA156E2D9000FB9B0E /* AudioToolbox.framework in Frameworks */ = {isa = PBXBuildFile; fileRef = C26B9AF9156E2D9000FB9B0E /* AudioToolbox.framework */; };
		C26B9AFC156E2D9000FB9B0E /* AVFoundation.framework in Frameworks */ = {isa = PBXBuildFile; fileRef = C26B9AFB156E2D9000FB9B0E /* AVFoundation.framework */; };
		C26B9AFE156E2D9000FB9B0E /* CoreLocation.framework in Frameworks */ = {isa = PBXBuildFile; fileRef = C26B9AFD156E2D9000FB9B0E /* CoreLocation.framework */; };
		C26B9B00156E2D9000FB9B0E /* MediaPlayer.framework in Frameworks */ = {isa = PBXBuildFile; fileRef = C26B9AFF156E2D9000FB9B0E /* MediaPlayer.framework */; };
		C26B9B02156E2D9000FB9B0E /* QuartzCore.framework in Frameworks */ = {isa = PBXBuildFile; fileRef = C26B9B01156E2D9000FB9B0E /* QuartzCore.framework */; };
		C26B9B04156E2D9000FB9B0E /* SystemConfiguration.framework in Frameworks */ = {isa = PBXBuildFile; fileRef = C26B9B03156E2D9000FB9B0E /* SystemConfiguration.framework */; };
		C26B9B06156E2D9000FB9B0E /* MobileCoreServices.framework in Frameworks */ = {isa = PBXBuildFile; fileRef = C26B9B05156E2D9000FB9B0E /* MobileCoreServices.framework */; };
		C26B9B08156E2D9000FB9B0E /* CoreMedia.framework in Frameworks */ = {isa = PBXBuildFile; fileRef = C26B9B07156E2D9000FB9B0E /* CoreMedia.framework */; };
		C26B9B0E156E2D9000FB9B0E /* InfoPlist.strings in Resources */ = {isa = PBXBuildFile; fileRef = C26B9B0C156E2D9000FB9B0E /* InfoPlist.strings */; };
		C26B9B10156E2D9000FB9B0E /* main.m in Sources */ = {isa = PBXBuildFile; fileRef = C26B9B0F156E2D9000FB9B0E /* main.m */; };
		C26B9B13156E2D9000FB9B0E /* Cordova.framework in Frameworks */ = {isa = PBXBuildFile; fileRef = C26B9B12156E2D9000FB9B0E /* Cordova.framework */; };
		C26B9B18156E2D9000FB9B0E /* Localizable.strings in Resources */ = {isa = PBXBuildFile; fileRef = C26B9B16156E2D9000FB9B0E /* Localizable.strings */; };
		C26B9B1C156E2D9000FB9B0E /* Localizable.strings in Resources */ = {isa = PBXBuildFile; fileRef = C26B9B1A156E2D9000FB9B0E /* Localizable.strings */; };
		C26B9B20156E2D9000FB9B0E /* Localizable.strings in Resources */ = {isa = PBXBuildFile; fileRef = C26B9B1E156E2D9000FB9B0E /* Localizable.strings */; };
		C26B9B24156E2D9000FB9B0E /* Localizable.strings in Resources */ = {isa = PBXBuildFile; fileRef = C26B9B22156E2D9000FB9B0E /* Localizable.strings */; };
		C26B9B27156E2D9000FB9B0E /* icon.png in Resources */ = {isa = PBXBuildFile; fileRef = C26B9B26156E2D9000FB9B0E /* icon.png */; };
		C26B9B29156E2D9000FB9B0E /* icon@2x.png in Resources */ = {isa = PBXBuildFile; fileRef = C26B9B28156E2D9000FB9B0E /* icon@2x.png */; };
		C26B9B2B156E2D9000FB9B0E /* icon-72.png in Resources */ = {isa = PBXBuildFile; fileRef = C26B9B2A156E2D9000FB9B0E /* icon-72.png */; };
		C26B9B2E156E2D9000FB9B0E /* Default~iphone.png in Resources */ = {isa = PBXBuildFile; fileRef = C26B9B2D156E2D9000FB9B0E /* Default~iphone.png */; };
		C26B9B30156E2D9000FB9B0E /* Default@2x~iphone.png in Resources */ = {isa = PBXBuildFile; fileRef = C26B9B2F156E2D9000FB9B0E /* Default@2x~iphone.png */; };
		C26B9B32156E2D9000FB9B0E /* Capture.bundle in Resources */ = {isa = PBXBuildFile; fileRef = C26B9B31156E2D9000FB9B0E /* Capture.bundle */; };
		C26B9B34156E2D9000FB9B0E /* Cordova.plist in Resources */ = {isa = PBXBuildFile; fileRef = C26B9B33156E2D9000FB9B0E /* Cordova.plist */; };
		C26B9B38156E2D9000FB9B0E /* AppDelegate.m in Sources */ = {isa = PBXBuildFile; fileRef = C26B9B37156E2D9000FB9B0E /* AppDelegate.m */; };
		C26B9B3B156E2D9000FB9B0E /* MainViewController.m in Sources */ = {isa = PBXBuildFile; fileRef = C26B9B3A156E2D9000FB9B0E /* MainViewController.m */; };
		C26B9B3D156E2D9000FB9B0E /* MainViewController.xib in Resources */ = {isa = PBXBuildFile; fileRef = C26B9B3C156E2D9000FB9B0E /* MainViewController.xib */; };
		C26B9B41156E2D9000FB9B0E /* verify.sh in Resources */ = {isa = PBXBuildFile; fileRef = C26B9B40156E2D9000FB9B0E /* verify.sh */; };
		C26B9B48156E2F2000FB9B0E /* www in Resources */ = {isa = PBXBuildFile; fileRef = C26B9B47156E2F2000FB9B0E /* www */; };
		C26B9B4F156EE63A00FB9B0E /* CouchDBAttachmentUploader.m in Sources */ = {isa = PBXBuildFile; fileRef = C26B9B4E156EE63A00FB9B0E /* CouchDBAttachmentUploader.m */; };
/* End PBXBuildFile section */

/* Begin PBXFileReference section */
		C26B9AEB156E2D9000FB9B0E /* OpenElmApp.app */ = {isa = PBXFileReference; explicitFileType = wrapper.application; includeInIndex = 0; path = OpenElmApp.app; sourceTree = BUILT_PRODUCTS_DIR; };
		C26B9AEF156E2D9000FB9B0E /* Foundation.framework */ = {isa = PBXFileReference; lastKnownFileType = wrapper.framework; name = Foundation.framework; path = System/Library/Frameworks/Foundation.framework; sourceTree = SDKROOT; };
		C26B9AF1156E2D9000FB9B0E /* UIKit.framework */ = {isa = PBXFileReference; lastKnownFileType = wrapper.framework; name = UIKit.framework; path = System/Library/Frameworks/UIKit.framework; sourceTree = SDKROOT; };
		C26B9AF3156E2D9000FB9B0E /* CoreGraphics.framework */ = {isa = PBXFileReference; lastKnownFileType = wrapper.framework; name = CoreGraphics.framework; path = System/Library/Frameworks/CoreGraphics.framework; sourceTree = SDKROOT; };
		C26B9AF5156E2D9000FB9B0E /* AddressBook.framework */ = {isa = PBXFileReference; lastKnownFileType = wrapper.framework; name = AddressBook.framework; path = System/Library/Frameworks/AddressBook.framework; sourceTree = SDKROOT; };
		C26B9AF7156E2D9000FB9B0E /* AddressBookUI.framework */ = {isa = PBXFileReference; lastKnownFileType = wrapper.framework; name = AddressBookUI.framework; path = System/Library/Frameworks/AddressBookUI.framework; sourceTree = SDKROOT; };
		C26B9AF9156E2D9000FB9B0E /* AudioToolbox.framework */ = {isa = PBXFileReference; lastKnownFileType = wrapper.framework; name = AudioToolbox.framework; path = System/Library/Frameworks/AudioToolbox.framework; sourceTree = SDKROOT; };
		C26B9AFB156E2D9000FB9B0E /* AVFoundation.framework */ = {isa = PBXFileReference; lastKnownFileType = wrapper.framework; name = AVFoundation.framework; path = System/Library/Frameworks/AVFoundation.framework; sourceTree = SDKROOT; };
		C26B9AFD156E2D9000FB9B0E /* CoreLocation.framework */ = {isa = PBXFileReference; lastKnownFileType = wrapper.framework; name = CoreLocation.framework; path = System/Library/Frameworks/CoreLocation.framework; sourceTree = SDKROOT; };
		C26B9AFF156E2D9000FB9B0E /* MediaPlayer.framework */ = {isa = PBXFileReference; lastKnownFileType = wrapper.framework; name = MediaPlayer.framework; path = System/Library/Frameworks/MediaPlayer.framework; sourceTree = SDKROOT; };
		C26B9B01156E2D9000FB9B0E /* QuartzCore.framework */ = {isa = PBXFileReference; lastKnownFileType = wrapper.framework; name = QuartzCore.framework; path = System/Library/Frameworks/QuartzCore.framework; sourceTree = SDKROOT; };
		C26B9B03156E2D9000FB9B0E /* SystemConfiguration.framework */ = {isa = PBXFileReference; lastKnownFileType = wrapper.framework; name = SystemConfiguration.framework; path = System/Library/Frameworks/SystemConfiguration.framework; sourceTree = SDKROOT; };
		C26B9B05156E2D9000FB9B0E /* MobileCoreServices.framework */ = {isa = PBXFileReference; lastKnownFileType = wrapper.framework; name = MobileCoreServices.framework; path = System/Library/Frameworks/MobileCoreServices.framework; sourceTree = SDKROOT; };
		C26B9B07156E2D9000FB9B0E /* CoreMedia.framework */ = {isa = PBXFileReference; lastKnownFileType = wrapper.framework; name = CoreMedia.framework; path = System/Library/Frameworks/CoreMedia.framework; sourceTree = SDKROOT; };
		C26B9B0B156E2D9000FB9B0E /* OpenElmApp-Info.plist */ = {isa = PBXFileReference; lastKnownFileType = text.plist.xml; path = "OpenElmApp-Info.plist"; sourceTree = "<group>"; };
		C26B9B0D156E2D9000FB9B0E /* en */ = {isa = PBXFileReference; lastKnownFileType = text.plist.strings; name = en; path = en.lproj/InfoPlist.strings; sourceTree = "<group>"; };
		C26B9B0F156E2D9000FB9B0E /* main.m */ = {isa = PBXFileReference; lastKnownFileType = sourcecode.c.objc; path = main.m; sourceTree = "<group>"; };
		C26B9B11156E2D9000FB9B0E /* OpenElmApp-Prefix.pch */ = {isa = PBXFileReference; lastKnownFileType = sourcecode.c.h; path = "OpenElmApp-Prefix.pch"; sourceTree = "<group>"; };
		C26B9B12156E2D9000FB9B0E /* Cordova.framework */ = {isa = PBXFileReference; lastKnownFileType = wrapper.framework; name = Cordova.framework; path = /Users/Shared/Cordova/Frameworks/Cordova.framework; sourceTree = "<absolute>"; };
		C26B9B17156E2D9000FB9B0E /* en */ = {isa = PBXFileReference; lastKnownFileType = text.plist.strings; name = en; path = Resources/en.lproj/Localizable.strings; sourceTree = "<group>"; };
		C26B9B1B156E2D9000FB9B0E /* es */ = {isa = PBXFileReference; lastKnownFileType = text.plist.strings; name = es; path = Resources/es.lproj/Localizable.strings; sourceTree = "<group>"; };
		C26B9B1F156E2D9000FB9B0E /* de */ = {isa = PBXFileReference; lastKnownFileType = text.plist.strings; name = de; path = Resources/de.lproj/Localizable.strings; sourceTree = "<group>"; };
		C26B9B23156E2D9000FB9B0E /* se */ = {isa = PBXFileReference; lastKnownFileType = text.plist.strings; name = se; path = Resources/se.lproj/Localizable.strings; sourceTree = "<group>"; };
		C26B9B26156E2D9000FB9B0E /* icon.png */ = {isa = PBXFileReference; lastKnownFileType = image.png; name = icon.png; path = Resources/icons/icon.png; sourceTree = "<group>"; };
		C26B9B28156E2D9000FB9B0E /* icon@2x.png */ = {isa = PBXFileReference; lastKnownFileType = image.png; name = "icon@2x.png"; path = "Resources/icons/icon@2x.png"; sourceTree = "<group>"; };
		C26B9B2A156E2D9000FB9B0E /* icon-72.png */ = {isa = PBXFileReference; lastKnownFileType = image.png; name = "icon-72.png"; path = "Resources/icons/icon-72.png"; sourceTree = "<group>"; };
		C26B9B2D156E2D9000FB9B0E /* Default~iphone.png */ = {isa = PBXFileReference; lastKnownFileType = image.png; name = "Default~iphone.png"; path = "Resources/splash/Default~iphone.png"; sourceTree = "<group>"; };
		C26B9B2F156E2D9000FB9B0E /* Default@2x~iphone.png */ = {isa = PBXFileReference; lastKnownFileType = image.png; name = "Default@2x~iphone.png"; path = "Resources/splash/Default@2x~iphone.png"; sourceTree = "<group>"; };
		C26B9B31156E2D9000FB9B0E /* Capture.bundle */ = {isa = PBXFileReference; lastKnownFileType = "wrapper.plug-in"; name = Capture.bundle; path = Resources/Capture.bundle; sourceTree = "<group>"; };
		C26B9B33156E2D9000FB9B0E /* Cordova.plist */ = {isa = PBXFileReference; lastKnownFileType = text.plist.xml; path = Cordova.plist; sourceTree = "<group>"; };
		C26B9B36156E2D9000FB9B0E /* AppDelegate.h */ = {isa = PBXFileReference; lastKnownFileType = sourcecode.c.h; name = AppDelegate.h; path = Classes/AppDelegate.h; sourceTree = "<group>"; };
		C26B9B37156E2D9000FB9B0E /* AppDelegate.m */ = {isa = PBXFileReference; lastKnownFileType = sourcecode.c.objc; name = AppDelegate.m; path = Classes/AppDelegate.m; sourceTree = "<group>"; };
		C26B9B39156E2D9000FB9B0E /* MainViewController.h */ = {isa = PBXFileReference; lastKnownFileType = sourcecode.c.h; name = MainViewController.h; path = Classes/MainViewController.h; sourceTree = "<group>"; };
		C26B9B3A156E2D9000FB9B0E /* MainViewController.m */ = {isa = PBXFileReference; lastKnownFileType = sourcecode.c.objc; name = MainViewController.m; path = Classes/MainViewController.m; sourceTree = "<group>"; };
		C26B9B3C156E2D9000FB9B0E /* MainViewController.xib */ = {isa = PBXFileReference; lastKnownFileType = file.xib; name = MainViewController.xib; path = Classes/MainViewController.xib; sourceTree = "<group>"; };
		C26B9B3F156E2D9000FB9B0E /* README */ = {isa = PBXFileReference; lastKnownFileType = text; name = README; path = Plugins/README; sourceTree = "<group>"; };
		C26B9B40156E2D9000FB9B0E /* verify.sh */ = {isa = PBXFileReference; lastKnownFileType = text.script.sh; path = verify.sh; sourceTree = "<group>"; };
		C26B9B47156E2F2000FB9B0E /* www */ = {isa = PBXFileReference; lastKnownFileType = folder; path = www; sourceTree = "<group>"; };
		C26B9B4D156EE63A00FB9B0E /* CouchDBAttachmentUploader.h */ = {isa = PBXFileReference; fileEncoding = 4; lastKnownFileType = sourcecode.c.h; path = CouchDBAttachmentUploader.h; sourceTree = "<group>"; };
		C26B9B4E156EE63A00FB9B0E /* CouchDBAttachmentUploader.m */ = {isa = PBXFileReference; fileEncoding = 4; lastKnownFileType = sourcecode.c.objc; path = CouchDBAttachmentUploader.m; sourceTree = "<group>"; };
/* End PBXFileReference section */

/* Begin PBXFrameworksBuildPhase section */
		C26B9AE5156E2D9000FB9B0E /* Frameworks */ = {
			isa = PBXFrameworksBuildPhase;
			buildActionMask = 2147483647;
			files = (
				C26B9AF0156E2D9000FB9B0E /* Foundation.framework in Frameworks */,
				C26B9AF2156E2D9000FB9B0E /* UIKit.framework in Frameworks */,
				C26B9AF4156E2D9000FB9B0E /* CoreGraphics.framework in Frameworks */,
				C26B9AF6156E2D9000FB9B0E /* AddressBook.framework in Frameworks */,
				C26B9AF8156E2D9000FB9B0E /* AddressBookUI.framework in Frameworks */,
				C26B9AFA156E2D9000FB9B0E /* AudioToolbox.framework in Frameworks */,
				C26B9AFC156E2D9000FB9B0E /* AVFoundation.framework in Frameworks */,
				C26B9AFE156E2D9000FB9B0E /* CoreLocation.framework in Frameworks */,
				C26B9B00156E2D9000FB9B0E /* MediaPlayer.framework in Frameworks */,
				C26B9B02156E2D9000FB9B0E /* QuartzCore.framework in Frameworks */,
				C26B9B04156E2D9000FB9B0E /* SystemConfiguration.framework in Frameworks */,
				C26B9B06156E2D9000FB9B0E /* MobileCoreServices.framework in Frameworks */,
				C26B9B08156E2D9000FB9B0E /* CoreMedia.framework in Frameworks */,
				C26B9B13156E2D9000FB9B0E /* Cordova.framework in Frameworks */,
			);
			runOnlyForDeploymentPostprocessing = 0;
		};
		C26B9AE8156E2D9000FB9B0E /* Frameworks */ = {
			isa = PBXFrameworksBuildPhase;
			buildActionMask = 2147483647;
			files = (
			);
			runOnlyForDeploymentPostprocessing = 0;
		};
/* End PBXFrameworksBuildPhase section */

/* Begin PBXGroup section */
		C26B9ADD156E2D8F00FB9B0E = {
			isa = PBXGroup;
			children = (
				C26B9B09156E2D9000FB9B0E /* OpenElmApp */,
				C26B9AEE156E2D9000FB9B0E /* Frameworks */,
				C26B9AEC156E2D9000FB9B0E /* Products */,
			);
			sourceTree = "<group>";
		};
		C26B9AEC156E2D9000FB9B0E /* Products */ = {
			isa = PBXGroup;
			children = (
				C26B9AEB156E2D9000FB9B0E /* OpenElmApp.app */,
			);
			name = Products;
			sourceTree = "<group>";
		};
		C26B9AEE156E2D9000FB9B0E /* Frameworks */ = {
			isa = PBXGroup;
			children = (
				C26B9AEF156E2D9000FB9B0E /* Foundation.framework */,
				C26B9AF1156E2D9000FB9B0E /* UIKit.framework */,
				C26B9AF3156E2D9000FB9B0E /* CoreGraphics.framework */,
				C26B9AF5156E2D9000FB9B0E /* AddressBook.framework */,
				C26B9AF7156E2D9000FB9B0E /* AddressBookUI.framework */,
				C26B9AF9156E2D9000FB9B0E /* AudioToolbox.framework */,
				C26B9AFB156E2D9000FB9B0E /* AVFoundation.framework */,
				C26B9AFD156E2D9000FB9B0E /* CoreLocation.framework */,
				C26B9AFF156E2D9000FB9B0E /* MediaPlayer.framework */,
				C26B9B01156E2D9000FB9B0E /* QuartzCore.framework */,
				C26B9B03156E2D9000FB9B0E /* SystemConfiguration.framework */,
				C26B9B05156E2D9000FB9B0E /* MobileCoreServices.framework */,
				C26B9B07156E2D9000FB9B0E /* CoreMedia.framework */,
			);
			name = Frameworks;
			sourceTree = "<group>";
		};
		C26B9B09156E2D9000FB9B0E /* OpenElmApp */ = {
			isa = PBXGroup;
			children = (
				C26B9B47156E2F2000FB9B0E /* www */,
				C26B9B12156E2D9000FB9B0E /* Cordova.framework */,
				C26B9B14156E2D9000FB9B0E /* Resources */,
				C26B9B35156E2D9000FB9B0E /* Classes */,
				C26B9B3E156E2D9000FB9B0E /* Plugins */,
				C26B9B0A156E2D9000FB9B0E /* Supporting Files */,
			);
			path = OpenElmApp;
			sourceTree = "<group>";
		};
		C26B9B0A156E2D9000FB9B0E /* Supporting Files */ = {
			isa = PBXGroup;
			children = (
				C26B9B0B156E2D9000FB9B0E /* OpenElmApp-Info.plist */,
				C26B9B0C156E2D9000FB9B0E /* InfoPlist.strings */,
				C26B9B0F156E2D9000FB9B0E /* main.m */,
				C26B9B11156E2D9000FB9B0E /* OpenElmApp-Prefix.pch */,
				C26B9B33156E2D9000FB9B0E /* Cordova.plist */,
				C26B9B3C156E2D9000FB9B0E /* MainViewController.xib */,
				C26B9B40156E2D9000FB9B0E /* verify.sh */,
			);
			name = "Supporting Files";
			sourceTree = "<group>";
		};
		C26B9B14156E2D9000FB9B0E /* Resources */ = {
			isa = PBXGroup;
			children = (
				C26B9B31156E2D9000FB9B0E /* Capture.bundle */,
				C26B9B15156E2D9000FB9B0E /* en.lproj */,
				C26B9B19156E2D9000FB9B0E /* es.lproj */,
				C26B9B1D156E2D9000FB9B0E /* de.lproj */,
				C26B9B21156E2D9000FB9B0E /* se.lproj */,
				C26B9B25156E2D9000FB9B0E /* icons */,
				C26B9B2C156E2D9000FB9B0E /* splash */,
			);
			name = Resources;
			sourceTree = "<group>";
		};
		C26B9B15156E2D9000FB9B0E /* en.lproj */ = {
			isa = PBXGroup;
			children = (
				C26B9B16156E2D9000FB9B0E /* Localizable.strings */,
			);
			name = en.lproj;
			sourceTree = "<group>";
		};
		C26B9B19156E2D9000FB9B0E /* es.lproj */ = {
			isa = PBXGroup;
			children = (
				C26B9B1A156E2D9000FB9B0E /* Localizable.strings */,
			);
			name = es.lproj;
			sourceTree = "<group>";
		};
		C26B9B1D156E2D9000FB9B0E /* de.lproj */ = {
			isa = PBXGroup;
			children = (
				C26B9B1E156E2D9000FB9B0E /* Localizable.strings */,
			);
			name = de.lproj;
			sourceTree = "<group>";
		};
		C26B9B21156E2D9000FB9B0E /* se.lproj */ = {
			isa = PBXGroup;
			children = (
				C26B9B22156E2D9000FB9B0E /* Localizable.strings */,
			);
			name = se.lproj;
			sourceTree = "<group>";
		};
		C26B9B25156E2D9000FB9B0E /* icons */ = {
			isa = PBXGroup;
			children = (
				C26B9B26156E2D9000FB9B0E /* icon.png */,
				C26B9B28156E2D9000FB9B0E /* icon@2x.png */,
				C26B9B2A156E2D9000FB9B0E /* icon-72.png */,
			);
			name = icons;
			sourceTree = "<group>";
		};
		C26B9B2C156E2D9000FB9B0E /* splash */ = {
			isa = PBXGroup;
			children = (
				C26B9B2D156E2D9000FB9B0E /* Default~iphone.png */,
				C26B9B2F156E2D9000FB9B0E /* Default@2x~iphone.png */,
			);
			name = splash;
			sourceTree = "<group>";
		};
		C26B9B35156E2D9000FB9B0E /* Classes */ = {
			isa = PBXGroup;
			children = (
				C26B9B36156E2D9000FB9B0E /* AppDelegate.h */,
				C26B9B37156E2D9000FB9B0E /* AppDelegate.m */,
				C26B9B39156E2D9000FB9B0E /* MainViewController.h */,
				C26B9B3A156E2D9000FB9B0E /* MainViewController.m */,
			);
			name = Classes;
			sourceTree = "<group>";
		};
		C26B9B3E156E2D9000FB9B0E /* Plugins */ = {
			isa = PBXGroup;
			children = (
				C26B9B4D156EE63A00FB9B0E /* CouchDBAttachmentUploader.h */,
				C26B9B4E156EE63A00FB9B0E /* CouchDBAttachmentUploader.m */,
				C26B9B3F156E2D9000FB9B0E /* README */,
			);
			name = Plugins;
			sourceTree = "<group>";
		};
/* End PBXGroup section */

/* Begin PBXNativeTarget section */
		C26B9AEA156E2D9000FB9B0E /* OpenElmApp */ = {
			isa = PBXNativeTarget;
			buildConfigurationList = C26B9B44156E2D9000FB9B0E /* Build configuration list for PBXNativeTarget "OpenElmApp" */;
			buildPhases = (
				C26B9AE4156E2D9000FB9B0E /* Sources */,
				C26B9AE5156E2D9000FB9B0E /* Frameworks */,
				C26B9AE6156E2D9000FB9B0E /* Resources */,
				C26B9AE7156E2D9000FB9B0E /* Sources */,
				C26B9AE8156E2D9000FB9B0E /* Frameworks */,
				C26B9AE9156E2D9000FB9B0E /* ShellScript */,
			);
			buildRules = (
			);
			dependencies = (
			);
			name = OpenElmApp;
			productName = OpenElmApp;
			productReference = C26B9AEB156E2D9000FB9B0E /* OpenElmApp.app */;
			productType = "com.apple.product-type.application";
		};
/* End PBXNativeTarget section */

/* Begin PBXProject section */
		C26B9ADF156E2D8F00FB9B0E /* Project object */ = {
			isa = PBXProject;
			attributes = {
				LastUpgradeCheck = 0430;
			};
			buildConfigurationList = C26B9AE2156E2D8F00FB9B0E /* Build configuration list for PBXProject "OpenElmApp" */;
			compatibilityVersion = "Xcode 3.2";
			developmentRegion = English;
			hasScannedForEncodings = 0;
			knownRegions = (
				en,
				es,
				de,
				se,
			);
			mainGroup = C26B9ADD156E2D8F00FB9B0E;
			productRefGroup = C26B9AEC156E2D9000FB9B0E /* Products */;
			projectDirPath = "";
			projectRoot = "";
			targets = (
				C26B9AEA156E2D9000FB9B0E /* OpenElmApp */,
			);
		};
/* End PBXProject section */

/* Begin PBXResourcesBuildPhase section */
		C26B9AE6156E2D9000FB9B0E /* Resources */ = {
			isa = PBXResourcesBuildPhase;
			buildActionMask = 2147483647;
			files = (
				C26B9B0E156E2D9000FB9B0E /* InfoPlist.strings in Resources */,
				C26B9B18156E2D9000FB9B0E /* Localizable.strings in Resources */,
				C26B9B1C156E2D9000FB9B0E /* Localizable.strings in Resources */,
				C26B9B20156E2D9000FB9B0E /* Localizable.strings in Resources */,
				C26B9B24156E2D9000FB9B0E /* Localizable.strings in Resources */,
				C26B9B27156E2D9000FB9B0E /* icon.png in Resources */,
				C26B9B29156E2D9000FB9B0E /* icon@2x.png in Resources */,
				C26B9B2B156E2D9000FB9B0E /* icon-72.png in Resources */,
				C26B9B2E156E2D9000FB9B0E /* Default~iphone.png in Resources */,
				C26B9B30156E2D9000FB9B0E /* Default@2x~iphone.png in Resources */,
				C26B9B32156E2D9000FB9B0E /* Capture.bundle in Resources */,
				C26B9B34156E2D9000FB9B0E /* Cordova.plist in Resources */,
				C26B9B3D156E2D9000FB9B0E /* MainViewController.xib in Resources */,
				C26B9B41156E2D9000FB9B0E /* verify.sh in Resources */,
				C26B9B48156E2F2000FB9B0E /* www in Resources */,
			);
			runOnlyForDeploymentPostprocessing = 0;
		};
/* End PBXResourcesBuildPhase section */

/* Begin PBXShellScriptBuildPhase section */
		C26B9AE9156E2D9000FB9B0E /* ShellScript */ = {
			isa = PBXShellScriptBuildPhase;
			buildActionMask = 2147483647;
			files = (
			);
			inputPaths = (
			);
			outputPaths = (
			);
			runOnlyForDeploymentPostprocessing = 0;
			shellPath = /bin/bash;
			shellScript = "\n\t\t\t\t\t\t\t\tchmod 755 \"$PROJECT_DIR/$PROJECT_NAME/verify.sh\"\n\t\t\t\t\t\t\t\t\"$PROJECT_DIR/$PROJECT_NAME/verify.sh\"\n\t\t\t\t\t";
		};
/* End PBXShellScriptBuildPhase section */

/* Begin PBXSourcesBuildPhase section */
		C26B9AE4156E2D9000FB9B0E /* Sources */ = {
			isa = PBXSourcesBuildPhase;
			buildActionMask = 2147483647;
			files = (
				C26B9B10156E2D9000FB9B0E /* main.m in Sources */,
				C26B9B38156E2D9000FB9B0E /* AppDelegate.m in Sources */,
				C26B9B3B156E2D9000FB9B0E /* MainViewController.m in Sources */,
				C26B9B4F156EE63A00FB9B0E /* CouchDBAttachmentUploader.m in Sources */,
			);
			runOnlyForDeploymentPostprocessing = 0;
		};
		C26B9AE7156E2D9000FB9B0E /* Sources */ = {
			isa = PBXSourcesBuildPhase;
			buildActionMask = 2147483647;
			files = (
			);
			runOnlyForDeploymentPostprocessing = 0;
		};
/* End PBXSourcesBuildPhase section */

/* Begin PBXVariantGroup section */
		C26B9B0C156E2D9000FB9B0E /* InfoPlist.strings */ = {
			isa = PBXVariantGroup;
			children = (
				C26B9B0D156E2D9000FB9B0E /* en */,
			);
			name = InfoPlist.strings;
			sourceTree = "<group>";
		};
		C26B9B16156E2D9000FB9B0E /* Localizable.strings */ = {
			isa = PBXVariantGroup;
			children = (
				C26B9B17156E2D9000FB9B0E /* en */,
			);
			name = Localizable.strings;
			sourceTree = "<group>";
		};
		C26B9B1A156E2D9000FB9B0E /* Localizable.strings */ = {
			isa = PBXVariantGroup;
			children = (
				C26B9B1B156E2D9000FB9B0E /* es */,
			);
			name = Localizable.strings;
			sourceTree = "<group>";
		};
		C26B9B1E156E2D9000FB9B0E /* Localizable.strings */ = {
			isa = PBXVariantGroup;
			children = (
				C26B9B1F156E2D9000FB9B0E /* de */,
			);
			name = Localizable.strings;
			sourceTree = "<group>";
		};
		C26B9B22156E2D9000FB9B0E /* Localizable.strings */ = {
			isa = PBXVariantGroup;
			children = (
				C26B9B23156E2D9000FB9B0E /* se */,
			);
			name = Localizable.strings;
			sourceTree = "<group>";
		};
/* End PBXVariantGroup section */

/* Begin XCBuildConfiguration section */
		C26B9B42156E2D9000FB9B0E /* Debug */ = {
			isa = XCBuildConfiguration;
			buildSettings = {
				ALWAYS_SEARCH_USER_PATHS = NO;
				ARCHS = (
					armv6,
					"$(ARCHS_STANDARD_32_BIT)",
				);
				"CODE_SIGN_IDENTITY[sdk=iphoneos*]" = "iPhone Developer";
				COPY_PHASE_STRIP = NO;
				GCC_C_LANGUAGE_STANDARD = gnu99;
				GCC_DYNAMIC_NO_PIC = NO;
				GCC_OPTIMIZATION_LEVEL = 0;
				GCC_PREPROCESSOR_DEFINITIONS = (
					"DEBUG=1",
					"$(inherited)",
				);
				GCC_SYMBOLS_PRIVATE_EXTERN = NO;
				GCC_THUMB_SUPPORT = NO;
				GCC_VERSION = com.apple.compilers.llvm.clang.1_0;
				GCC_WARN_ABOUT_RETURN_TYPE = YES;
				GCC_WARN_UNINITIALIZED_AUTOS = YES;
				GCC_WARN_UNUSED_VARIABLE = YES;
				IPHONEOS_DEPLOYMENT_TARGET = 3.0;
				SDKROOT = iphoneos;
			};
			name = Debug;
		};
		C26B9B43156E2D9000FB9B0E /* Release */ = {
			isa = XCBuildConfiguration;
			buildSettings = {
				ALWAYS_SEARCH_USER_PATHS = NO;
				ARCHS = (
					armv6,
					"$(ARCHS_STANDARD_32_BIT)",
				);
				"CODE_SIGN_IDENTITY[sdk=iphoneos*]" = "iPhone Developer";
				COPY_PHASE_STRIP = YES;
				GCC_C_LANGUAGE_STANDARD = gnu99;
				GCC_THUMB_SUPPORT = NO;
				GCC_VERSION = com.apple.compilers.llvm.clang.1_0;
				GCC_WARN_ABOUT_RETURN_TYPE = YES;
				GCC_WARN_UNINITIALIZED_AUTOS = YES;
				GCC_WARN_UNUSED_VARIABLE = YES;
				IPHONEOS_DEPLOYMENT_TARGET = 3.0;
				SDKROOT = iphoneos;
				VALIDATE_PRODUCT = YES;
			};
			name = Release;
		};
		C26B9B45156E2D9000FB9B0E /* Debug */ = {
			isa = XCBuildConfiguration;
			buildSettings = {
				ALWAYS_SEARCH_USER_PATHS = YES;
				COPY_PHASE_STRIP = NO;
				FRAMEWORK_SEARCH_PATHS = /Users/Shared/Cordova/Frameworks;
				GCC_DYNAMIC_NO_PIC = NO;
				GCC_PRECOMPILE_PREFIX_HEADER = YES;
				GCC_PREFIX_HEADER = "OpenElmApp/OpenElmApp-Prefix.pch";
				GCC_PREPROCESSOR_DEFINITIONS = (
					"DEBUG=1,",
					"CORDOVA_FRAMEWORK=1",
				);
				GCC_THUMB_SUPPORT = NO;
				INFOPLIST_FILE = "OpenElmApp/OpenElmApp-Info.plist";
				OTHER_LDFLAGS = (
					"-weak_framework",
					UIKit,
					"-weak_framework",
					AVFoundation,
					"-weak_framework",
					CoreMedia,
					"-weak_library",
					/usr/lib/libSystem.B.dylib,
				);
				PRODUCT_NAME = "$(TARGET_NAME)";
				TARGETED_DEVICE_FAMILY = 1;
				WRAPPER_EXTENSION = app;
			};
			name = Debug;
		};
		C26B9B46156E2D9000FB9B0E /* Release */ = {
			isa = XCBuildConfiguration;
			buildSettings = {
				ALWAYS_SEARCH_USER_PATHS = YES;
				"CODE_SIGN_IDENTITY[sdk=iphoneos*]" = "iPhone Distribution";
				COPY_PHASE_STRIP = YES;
				DEBUG_INFORMATION_FORMAT = "dwarf-with-dsym";
				FRAMEWORK_SEARCH_PATHS = /Users/Shared/Cordova/Frameworks;
				GCC_PRECOMPILE_PREFIX_HEADER = YES;
				GCC_PREFIX_HEADER = "OpenElmApp/OpenElmApp-Prefix.pch";
				GCC_PREPROCESSOR_DEFINITIONS = (
					"NDEBUG=1,",
					"CORDOVA_FRAMEWORK=1",
				);
				GCC_THUMB_SUPPORT = NO;
				INFOPLIST_FILE = "OpenElmApp/OpenElmApp-Info.plist";
				OTHER_LDFLAGS = (
					"-weak_framework",
					UIKit,
					"-weak_framework",
					AVFoundation,
					"-weak_framework",
					CoreMedia,
					"-weak_library",
					/usr/lib/libSystem.B.dylib,
				);
				PRODUCT_NAME = "$(TARGET_NAME)";
				"PROVISIONING_PROFILE[sdk=iphoneos*]" = "";
				TARGETED_DEVICE_FAMILY = 1;
				VALIDATE_PRODUCT = YES;
				WRAPPER_EXTENSION = app;
			};
			name = Release;
		};
/* End XCBuildConfiguration section */

/* Begin XCConfigurationList section */
		C26B9AE2156E2D8F00FB9B0E /* Build configuration list for PBXProject "OpenElmApp" */ = {
			isa = XCConfigurationList;
			buildConfigurations = (
				C26B9B42156E2D9000FB9B0E /* Debug */,
				C26B9B43156E2D9000FB9B0E /* Release */,
			);
			defaultConfigurationIsVisible = 0;
			defaultConfigurationName = Release;
		};
		C26B9B44156E2D9000FB9B0E /* Build configuration list for PBXNativeTarget "OpenElmApp" */ = {
			isa = XCConfigurationList;
			buildConfigurations = (
				C26B9B45156E2D9000FB9B0E /* Debug */,
				C26B9B46156E2D9000FB9B0E /* Release */,
			);
			defaultConfigurationIsVisible = 0;
			defaultConfigurationName = Release;
		};
/* End XCConfigurationList section */
	};
	rootObject = C26B9ADF156E2D8F00FB9B0E /* Project object */;
}
